
Microsoft Visual Studio Solution File, Format Version 12.00
# Visual Studio Version 17
VisualStudioVersion = 17.0.31903.59
MinimumVisualStudioVersion = 10.0.40219.1
Project("{FAE04EC0-301F-11D3-BF4B-00C04F79EFBC}") = "WinAppPixelcito", "WinAppPixelcito\WinAppPixelcito.csproj", "{264AD8F9-6750-4A37-ACC2-3A793D26E78E}"
EndProject
Global
	GlobalSection(SolutionConfigurationPlatforms) = preSolution
		Debug|Any CPU = Debug|Any CPU
		Release|Any CPU = Release|Any CPU
	EndGlobalSection
	GlobalSection(ProjectConfigurationPlatforms) = postSolution
		{264AD8F9-6750-4A37-ACC2-3A793D26E78E}.Debug|Any CPU.ActiveCfg = Debug|Any CPU
		{264AD8F9-6750-4A37-ACC2-3A793D26E78E}.Debug|Any CPU.Build.0 = Debug|Any CPU
		{264AD8F9-6750-4A37-ACC2-3A793D26E78E}.Release|Any CPU.ActiveCfg = Release|Any CPU
		{264AD8F9-6750-4A37-ACC2-3A793D26E78E}.Release|Any CPU.Build.0 = Release|Any CPU
	EndGlobalSection
	GlobalSection(SolutionProperties) = preSolution
		HideSolutionNode = FALSE
	EndGlobalSection
	GlobalSection(ExtensibilityGlobals) = postSolution
		SolutionGuid = {D952350D-366E-45CD-8FAA-771627F18173}
	EndGlobalSection
EndGlobal
